
Microsoft Visual Studio Solution File, Format Version 12.00
# Visual Studio Version 16
VisualStudioVersion = 16.0.31727.386
MinimumVisualStudioVersion = 10.0.40219.1
Project("{FAE04EC0-301F-11D3-BF4B-00C04F79EFBC}") = "MethodsExercise", "MethodsExercise.csproj", "{B4CFBE28-6DC5-43B6-A0B6-72998C8E84FB}"
EndProject
Global
	GlobalSection(SolutionConfigurationPlatforms) = preSolution
		Debug|Any CPU = Debug|Any CPU
		Release|Any CPU = Release|Any CPU
	EndGlobalSection
	GlobalSection(ProjectConfigurationPlatforms) = postSolution
		{B4CFBE28-6DC5-43B6-A0B6-72998C8E84FB}.Debug|Any CPU.ActiveCfg = Debug|Any CPU
		{B4CFBE28-6DC5-43B6-A0B6-72998C8E84FB}.Debug|Any CPU.Build.0 = Debug|Any CPU
		{B4CFBE28-6DC5-43B6-A0B6-72998C8E84FB}.Release|Any CPU.ActiveCfg = Release|Any CPU
		{B4CFBE28-6DC5-43B6-A0B6-72998C8E84FB}.Release|Any CPU.Build.0 = Release|Any CPU
	EndGlobalSection
	GlobalSection(SolutionProperties) = preSolution
		HideSolutionNode = FALSE
	EndGlobalSection
	GlobalSection(ExtensibilityGlobals) = postSolution
		SolutionGuid = {07ECE664-BBFD-4D27-9C90-E4E608D50975}
	EndGlobalSection
EndGlobal
